
Microsoft Visual Studio Solution File, Format Version 12.00
# Visual Studio Version 16
VisualStudioVersion = 16.0.30611.23
MinimumVisualStudioVersion = 10.0.40219.1
Project("{FAE04EC0-301F-11D3-BF4B-00C04F79EFBC}") = "Zadacham", "Zadacham.csproj", "{8DAEABDC-E43B-40D6-8B90-2E41AAF079EC}"
EndProject
Global
	GlobalSection(SolutionConfigurationPlatforms) = preSolution
		Debug|Any CPU = Debug|Any CPU
		Release|Any CPU = Release|Any CPU
	EndGlobalSection
	GlobalSection(ProjectConfigurationPlatforms) = postSolution
		{8DAEABDC-E43B-40D6-8B90-2E41AAF079EC}.Debug|Any CPU.ActiveCfg = Debug|Any CPU
		{8DAEABDC-E43B-40D6-8B90-2E41AAF079EC}.Debug|Any CPU.Build.0 = Debug|Any CPU
		{8DAEABDC-E43B-40D6-8B90-2E41AAF079EC}.Release|Any CPU.ActiveCfg = Release|Any CPU
		{8DAEABDC-E43B-40D6-8B90-2E41AAF079EC}.Release|Any CPU.Build.0 = Release|Any CPU
	EndGlobalSection
	GlobalSection(SolutionProperties) = preSolution
		HideSolutionNode = FALSE
	EndGlobalSection
	GlobalSection(ExtensibilityGlobals) = postSolution
		SolutionGuid = {080C3975-96EF-4129-84A5-39D2FBED38A2}
	EndGlobalSection
EndGlobal
